{
  "version": 4,
  "terraform_version": "1.0.0",
  "serial": 60,
  "lineage": "87b5f4c1-ef3d-eeb8-e0d9-edc210be7e60",
  "outputs": {},
  "resources": [
    {
      "mode": "data",
      "type": "azurerm_resource_group",
      "name": "this",
      "provider": "provider[\"registry.terraform.io/hashicorp/azurerm\"]",
      "instances": [
        {
          "schema_version": 0,
          "attributes": {
            "id": "/subscriptions/f77baca1-35af-446f-8a69-ecf4e59381fd/resourceGroups/Akademia1",
            "location": "westeurope",
            "name": "Akademia1",
            "tags": {},
            "timeouts": null
          },
          "sensitive_attributes": []
        }
      ]
    },
    {
      "mode": "managed",
      "type": "azurerm_storage_account",
      "name": "this",
      "provider": "provider[\"registry.terraform.io/hashicorp/azurerm\"]",
      "instances": [
        {
          "schema_version": 2,
          "attributes": {
            "access_tier": "Hot",
            "account_kind": "StorageV2",
            "account_replication_type": "LRS",
            "account_tier": "Standard",
            "allow_blob_public_access": false,
            "blob_properties": [],
            "custom_domain": [],
            "enable_https_traffic_only": true,
            "id": "/subscriptions/f77baca1-35af-446f-8a69-ecf4e59381fd/resourceGroups/Akademia1/providers/Microsoft.Storage/storageAccounts/jancsostorage02",
            "identity": [],
            "is_hns_enabled": false,
            "large_file_share_enabled": null,
            "location": "westeurope",
            "min_tls_version": "TLS1_0",
            "name": "jancsostorage02",
            "network_rules": [
              {
                "bypass": [
                  "AzureServices"
                ],
                "default_action": "Allow",
                "ip_rules": [],
                "virtual_network_subnet_ids": []
              }
            ],
            "primary_access_key": "4Uve/VV8x+pIJg6VadSojlZYDZ8SCGBeUcCSrF2bWq/nWVcCC/X/8TnBDTbazUG0x1HSi7zCJOIOh9FHruDf0Q==",
            "primary_blob_connection_string": "DefaultEndpointsProtocol=https;BlobEndpoint=https://jancsostorage02.blob.core.windows.net/;AccountName=jancsostorage02;AccountKey=4Uve/VV8x+pIJg6VadSojlZYDZ8SCGBeUcCSrF2bWq/nWVcCC/X/8TnBDTbazUG0x1HSi7zCJOIOh9FHruDf0Q==",
            "primary_blob_endpoint": "https://jancsostorage02.blob.core.windows.net/",
            "primary_blob_host": "jancsostorage02.blob.core.windows.net",
            "primary_connection_string": "DefaultEndpointsProtocol=https;AccountName=jancsostorage02;AccountKey=4Uve/VV8x+pIJg6VadSojlZYDZ8SCGBeUcCSrF2bWq/nWVcCC/X/8TnBDTbazUG0x1HSi7zCJOIOh9FHruDf0Q==;EndpointSuffix=core.windows.net",
            "primary_dfs_endpoint": "https://jancsostorage02.dfs.core.windows.net/",
            "primary_dfs_host": "jancsostorage02.dfs.core.windows.net",
            "primary_file_endpoint": "https://jancsostorage02.file.core.windows.net/",
            "primary_file_host": "jancsostorage02.file.core.windows.net",
            "primary_location": "westeurope",
            "primary_queue_endpoint": "https://jancsostorage02.queue.core.windows.net/",
            "primary_queue_host": "jancsostorage02.queue.core.windows.net",
            "primary_table_endpoint": "https://jancsostorage02.table.core.windows.net/",
            "primary_table_host": "jancsostorage02.table.core.windows.net",
            "primary_web_endpoint": "https://jancsostorage02.z6.web.core.windows.net/",
            "primary_web_host": "jancsostorage02.z6.web.core.windows.net",
            "queue_properties": [
              {
                "cors_rule": [],
                "hour_metrics": [
                  {
                    "enabled": true,
                    "include_apis": true,
                    "retention_policy_days": 7,
                    "version": "1.0"
                  }
                ],
                "logging": [
                  {
                    "delete": false,
                    "read": false,
                    "retention_policy_days": 0,
                    "version": "1.0",
                    "write": false
                  }
                ],
                "minute_metrics": [
                  {
                    "enabled": false,
                    "include_apis": false,
                    "retention_policy_days": 0,
                    "version": "1.0"
                  }
                ]
              }
            ],
            "resource_group_name": "Akademia1",
            "secondary_access_key": "X44iA76Xel7qpVGBxu+lU9/Stjbpvc3AdhK8TTzWj4rGrFU7T6S6IM0t/HruPpoJdCa/wdVfg87wbHIk9qzHww==",
            "secondary_blob_connection_string": "",
            "secondary_blob_endpoint": null,
            "secondary_blob_host": null,
            "secondary_connection_string": "DefaultEndpointsProtocol=https;AccountName=jancsostorage02;AccountKey=X44iA76Xel7qpVGBxu+lU9/Stjbpvc3AdhK8TTzWj4rGrFU7T6S6IM0t/HruPpoJdCa/wdVfg87wbHIk9qzHww==;EndpointSuffix=core.windows.net",
            "secondary_dfs_endpoint": null,
            "secondary_dfs_host": null,
            "secondary_file_endpoint": null,
            "secondary_file_host": null,
            "secondary_location": "",
            "secondary_queue_endpoint": null,
            "secondary_queue_host": null,
            "secondary_table_endpoint": null,
            "secondary_table_host": null,
            "secondary_web_endpoint": null,
            "secondary_web_host": null,
            "static_website": [],
            "tags": {},
            "timeouts": null
          },
          "sensitive_attributes": [],
          "private": "eyJlMmJmYjczMC1lY2FhLTExZTYtOGY4OC0zNDM2M2JjN2M0YzAiOnsiY3JlYXRlIjozNjAwMDAwMDAwMDAwLCJkZWxldGUiOjM2MDAwMDAwMDAwMDAsInJlYWQiOjMwMDAwMDAwMDAwMCwidXBkYXRlIjozNjAwMDAwMDAwMDAwfSwic2NoZW1hX3ZlcnNpb24iOiIyIn0=",
          "dependencies": [
            "data.azurerm_resource_group.this"
          ]
        }
      ]
    },
    {
      "mode": "managed",
      "type": "azurerm_storage_blob",
      "name": "this",
      "provider": "provider[\"registry.terraform.io/hashicorp/azurerm\"]",
      "instances": [
        {
          "status": "tainted",
          "schema_version": 1,
          "attributes": {
            "access_tier": "Hot",
            "content_md5": "",
            "content_type": "application/octet-stream",
            "id": "https://jancsostorage02.blob.core.windows.net/content/top_secret.txt",
            "metadata": {},
            "name": "top_secret.txt",
            "parallelism": 8,
            "size": 0,
            "source": null,
            "source_content": "GNF5�AJ7PG",
            "source_uri": null,
            "storage_account_name": "jancsostorage02",
            "storage_container_name": "content",
            "timeouts": null,
            "type": "Block",
            "url": "https://jancsostorage02.blob.core.windows.net/content/top_secret.txt"
          },
          "sensitive_attributes": [
            [
              {
                "type": "get_attr",
                "value": "source_content"
              }
            ]
          ],
          "private": "eyJlMmJmYjczMC1lY2FhLTExZTYtOGY4OC0zNDM2M2JjN2M0YzAiOnsiY3JlYXRlIjoxODAwMDAwMDAwMDAwLCJkZWxldGUiOjE4MDAwMDAwMDAwMDAsInJlYWQiOjMwMDAwMDAwMDAwMCwidXBkYXRlIjoxODAwMDAwMDAwMDAwfSwic2NoZW1hX3ZlcnNpb24iOiIxIn0=",
          "dependencies": [
            "azurerm_storage_account.this",
            "azurerm_storage_container.this",
            "module.childmodule.azurerm_key_vault_secret.this"
          ]
        }
      ]
    },
    {
      "mode": "managed",
      "type": "azurerm_storage_container",
      "name": "this",
      "provider": "provider[\"registry.terraform.io/hashicorp/azurerm\"]",
      "instances": [
        {
          "schema_version": 1,
          "attributes": {
            "container_access_type": "private",
            "has_immutability_policy": false,
            "has_legal_hold": false,
            "id": "https://jancsostorage02.blob.core.windows.net/content",
            "metadata": {},
            "name": "content",
            "resource_manager_id": "/subscriptions/f77baca1-35af-446f-8a69-ecf4e59381fd/resourceGroups/Akademia1/providers/Microsoft.Storage/storageAccounts/jancsostorage02/blobServices/default/containers/content",
            "storage_account_name": "jancsostorage02",
            "timeouts": null
          },
          "sensitive_attributes": [],
          "private": "eyJlMmJmYjczMC1lY2FhLTExZTYtOGY4OC0zNDM2M2JjN2M0YzAiOnsiY3JlYXRlIjoxODAwMDAwMDAwMDAwLCJkZWxldGUiOjE4MDAwMDAwMDAwMDAsInJlYWQiOjMwMDAwMDAwMDAwMCwidXBkYXRlIjoxODAwMDAwMDAwMDAwfSwic2NoZW1hX3ZlcnNpb24iOiIxIn0=",
          "dependencies": [
            "azurerm_storage_account.this",
            "data.azurerm_resource_group.this"
          ]
        }
      ]
    },
    {
      "module": "module.childmodule",
      "mode": "data",
      "type": "azurerm_client_config",
      "name": "current",
      "provider": "module.childmodule.provider[\"registry.terraform.io/hashicorp/azurerm\"]",
      "instances": [
        {
          "schema_version": 0,
          "attributes": {
            "client_id": "04b07795-8ddb-461a-bbee-02f9e1bf7b46",
            "id": "2021-06-22 13:42:53.1319762 +0000 UTC",
            "object_id": "7b6d7870-65c2-4b82-acfc-2d14b5748b26",
            "subscription_id": "f77baca1-35af-446f-8a69-ecf4e59381fd",
            "tenant_id": "98c35a97-5972-4718-866a-2b826fd9b1da",
            "timeouts": null
          },
          "sensitive_attributes": []
        }
      ]
    },
    {
      "module": "module.childmodule",
      "mode": "data",
      "type": "azurerm_resource_group",
      "name": "this",
      "provider": "module.childmodule.provider[\"registry.terraform.io/hashicorp/azurerm\"]",
      "instances": [
        {
          "schema_version": 0,
          "attributes": {
            "id": "/subscriptions/f77baca1-35af-446f-8a69-ecf4e59381fd/resourceGroups/Akademia1",
            "location": "westeurope",
            "name": "Akademia1",
            "tags": {},
            "timeouts": null
          },
          "sensitive_attributes": []
        }
      ]
    },
    {
      "module": "module.childmodule",
      "mode": "managed",
      "type": "azurerm_key_vault",
      "name": "this",
      "provider": "module.childmodule.provider[\"registry.terraform.io/hashicorp/azurerm\"]",
      "instances": [
        {
          "schema_version": 2,
          "attributes": {
            "access_policy": [
              {
                "application_id": "",
                "certificate_permissions": [],
                "key_permissions": [
                  "create",
                  "get",
                  "list"
                ],
                "object_id": "7b6d7870-65c2-4b82-acfc-2d14b5748b26",
                "secret_permissions": [
                  "set",
                  "get",
                  "list",
                  "delete",
                  "purge",
                  "recover"
                ],
                "storage_permissions": [
                  "get"
                ],
                "tenant_id": "98c35a97-5972-4718-866a-2b826fd9b1da"
              }
            ],
            "contact": [],
            "enable_rbac_authorization": false,
            "enabled_for_deployment": false,
            "enabled_for_disk_encryption": false,
            "enabled_for_template_deployment": false,
            "id": "/subscriptions/f77baca1-35af-446f-8a69-ecf4e59381fd/resourceGroups/Akademia1/providers/Microsoft.KeyVault/vaults/jancsokeyvault2",
            "location": "westeurope",
            "name": "jancsokeyvault2",
            "network_acls": [
              {
                "bypass": "AzureServices",
                "default_action": "Allow",
                "ip_rules": [],
                "virtual_network_subnet_ids": []
              }
            ],
            "purge_protection_enabled": false,
            "resource_group_name": "Akademia1",
            "sku_name": "standard",
            "soft_delete_enabled": true,
            "soft_delete_retention_days": 7,
            "tags": {},
            "tenant_id": "98c35a97-5972-4718-866a-2b826fd9b1da",
            "timeouts": null,
            "vault_uri": "https://jancsokeyvault2.vault.azure.net/"
          },
          "sensitive_attributes": [],
          "private": "eyJlMmJmYjczMC1lY2FhLTExZTYtOGY4OC0zNDM2M2JjN2M0YzAiOnsiY3JlYXRlIjoxODAwMDAwMDAwMDAwLCJkZWxldGUiOjE4MDAwMDAwMDAwMDAsInJlYWQiOjMwMDAwMDAwMDAwMCwidXBkYXRlIjoxODAwMDAwMDAwMDAwfSwic2NoZW1hX3ZlcnNpb24iOiIyIn0=",
          "dependencies": [
            "module.childmodule.data.azurerm_client_config.current",
            "module.childmodule.data.azurerm_resource_group.this"
          ]
        }
      ]
    },
    {
      "module": "module.childmodule",
      "mode": "managed",
      "type": "azurerm_key_vault_secret",
      "name": "this",
      "provider": "module.childmodule.provider[\"registry.terraform.io/hashicorp/azurerm\"]",
      "instances": [
        {
          "schema_version": 0,
          "attributes": {
            "content_type": "",
            "expiration_date": null,
            "id": "https://jancsokeyvault2.vault.azure.net/secrets/secret-by-krisi2/360aa28f26834aee8a394ee60950feb1",
            "key_vault_id": "/subscriptions/f77baca1-35af-446f-8a69-ecf4e59381fd/resourceGroups/Akademia1/providers/Microsoft.KeyVault/vaults/jancsokeyvault2",
            "name": "secret-by-krisi2",
            "not_before_date": null,
            "tags": {},
            "timeouts": null,
            "value": "GNf5�aj7pg",
            "version": "360aa28f26834aee8a394ee60950feb1"
          },
          "sensitive_attributes": [],
          "private": "eyJlMmJmYjczMC1lY2FhLTExZTYtOGY4OC0zNDM2M2JjN2M0YzAiOnsiY3JlYXRlIjoxODAwMDAwMDAwMDAwLCJkZWxldGUiOjE4MDAwMDAwMDAwMDAsInJlYWQiOjMwMDAwMDAwMDAwMCwidXBkYXRlIjoxODAwMDAwMDAwMDAwfX0=",
          "dependencies": [
            "module.childmodule.azurerm_key_vault.this",
            "module.childmodule.data.azurerm_client_config.current",
            "module.childmodule.data.azurerm_resource_group.this",
            "module.childmodule.random_string.myRandomString"
          ]
        }
      ]
    },
    {
      "module": "module.childmodule",
      "mode": "managed",
      "type": "random_string",
      "name": "myRandomString",
      "provider": "provider[\"registry.terraform.io/hashicorp/random\"]",
      "instances": [
        {
          "schema_version": 1,
          "attributes": {
            "id": "GNf5�aj7pg",
            "keepers": null,
            "length": 10,
            "lower": true,
            "min_lower": 0,
            "min_numeric": 0,
            "min_special": 0,
            "min_upper": 0,
            "number": true,
            "override_special": "/@£$",
            "result": "GNf5�aj7pg",
            "special": true,
            "upper": true
          },
          "sensitive_attributes": [],
          "private": "eyJzY2hlbWFfdmVyc2lvbiI6IjEifQ=="
        }
      ]
    }
  ]
}
